
Microsoft Visual Studio Solution File, Format Version 12.00
# Visual Studio Version 16
VisualStudioVersion = 16.0.30717.126
MinimumVisualStudioVersion = 10.0.40219.1
Project("{9A19103F-16F7-4668-BE54-9A1E7A4F7556}") = "AzureCostAnomalyDetector.Common", "AzureCostAnomalyDetector.Common\AzureCostAnomalyDetector.Common.csproj", "{3C0D44EF-EB95-4D0A-9E89-BB8467B0C48F}"
EndProject
Project("{9A19103F-16F7-4668-BE54-9A1E7A4F7556}") = "AzureCostAnomalyDetector.AzureFunc", "AzureCostAnomalyDetector.AzureFunc\AzureCostAnomalyDetector.AzureFunc.csproj", "{925376FC-FAF8-4EDE-8DE0-4CE8487B93BB}"
EndProject
Project("{2150E333-8FDC-42A3-9474-1A3956D46DE8}") = "Scripts", "Scripts", "{E9E2331D-6C7D-464A-A67A-0787C71F0C40}"
	ProjectSection(SolutionItems) = preProject
		AzureMonitorAlertLogQuery.kql = AzureMonitorAlertLogQuery.kql
	EndProjectSection
EndProject
Global
	GlobalSection(SolutionConfigurationPlatforms) = preSolution
		Debug|Any CPU = Debug|Any CPU
		Release|Any CPU = Release|Any CPU
	EndGlobalSection
	GlobalSection(ProjectConfigurationPlatforms) = postSolution
		{3C0D44EF-EB95-4D0A-9E89-BB8467B0C48F}.Debug|Any CPU.ActiveCfg = Debug|Any CPU
		{3C0D44EF-EB95-4D0A-9E89-BB8467B0C48F}.Debug|Any CPU.Build.0 = Debug|Any CPU
		{3C0D44EF-EB95-4D0A-9E89-BB8467B0C48F}.Release|Any CPU.ActiveCfg = Release|Any CPU
		{3C0D44EF-EB95-4D0A-9E89-BB8467B0C48F}.Release|Any CPU.Build.0 = Release|Any CPU
		{925376FC-FAF8-4EDE-8DE0-4CE8487B93BB}.Debug|Any CPU.ActiveCfg = Debug|Any CPU
		{925376FC-FAF8-4EDE-8DE0-4CE8487B93BB}.Debug|Any CPU.Build.0 = Debug|Any CPU
		{925376FC-FAF8-4EDE-8DE0-4CE8487B93BB}.Release|Any CPU.ActiveCfg = Release|Any CPU
		{925376FC-FAF8-4EDE-8DE0-4CE8487B93BB}.Release|Any CPU.Build.0 = Release|Any CPU
	EndGlobalSection
	GlobalSection(SolutionProperties) = preSolution
		HideSolutionNode = FALSE
	EndGlobalSection
	GlobalSection(ExtensibilityGlobals) = postSolution
		SolutionGuid = {55B4B2AF-9965-4563-826D-053F1D571F89}
	EndGlobalSection
EndGlobal
